[root]
name = "slsr_solver"
version = "0.0.1"
dependencies = [
 "slsr_core 0.0.1",
 "union-find 0.1.5 (registry+https://github.com/rust-lang/crates.io-index)",
]

[[package]]
name = "slsr_core"
version = "0.0.1"

[[package]]
name = "union-find"
version = "0.1.5"
source = "registry+https://github.com/rust-lang/crates.io-index"

